
Microsoft Visual Studio Solution File, Format Version 12.00
# Visual Studio Version 16
VisualStudioVersion = 16.0.29326.143
MinimumVisualStudioVersion = 10.0.40219.1
Project("{FAE04EC0-301F-11D3-BF4B-00C04F79EFBC}") = "Chinese_converter", "Chinese_converter\Chinese_converter.csproj", "{0288E0BA-602D-4BAB-876F-B9C41BE00AF8}"
EndProject
Global
	GlobalSection(SolutionConfigurationPlatforms) = preSolution
		Debug|Any CPU = Debug|Any CPU
		Release|Any CPU = Release|Any CPU
	EndGlobalSection
	GlobalSection(ProjectConfigurationPlatforms) = postSolution
		{0288E0BA-602D-4BAB-876F-B9C41BE00AF8}.Debug|Any CPU.ActiveCfg = Debug|Any CPU
		{0288E0BA-602D-4BAB-876F-B9C41BE00AF8}.Debug|Any CPU.Build.0 = Debug|Any CPU
		{0288E0BA-602D-4BAB-876F-B9C41BE00AF8}.Release|Any CPU.ActiveCfg = Release|Any CPU
		{0288E0BA-602D-4BAB-876F-B9C41BE00AF8}.Release|Any CPU.Build.0 = Release|Any CPU
	EndGlobalSection
	GlobalSection(SolutionProperties) = preSolution
		HideSolutionNode = FALSE
	EndGlobalSection
	GlobalSection(ExtensibilityGlobals) = postSolution
		SolutionGuid = {30122656-7DCD-4B3F-8C4F-DDF2BB044365}
	EndGlobalSection
EndGlobal
